
Microsoft Visual Studio Solution File, Format Version 12.00
# Visual Studio Version 16
VisualStudioVersion = 16.0.31005.135
MinimumVisualStudioVersion = 10.0.40219.1
Project("{FAE04EC0-301F-11D3-BF4B-00C04F79EFBC}") = "AutoMotionTracker", "AutoMotionTracker.csproj", "{3C98771E-138F-4598-BBEA-FC66F861C798}"
EndProject
Global
	GlobalSection(SolutionConfigurationPlatforms) = preSolution
		Debug|Any CPU = Debug|Any CPU
		Release|Any CPU = Release|Any CPU
	EndGlobalSection
	GlobalSection(ProjectConfigurationPlatforms) = postSolution
		{3C98771E-138F-4598-BBEA-FC66F861C798}.Debug|Any CPU.ActiveCfg = Debug|Any CPU
		{3C98771E-138F-4598-BBEA-FC66F861C798}.Debug|Any CPU.Build.0 = Debug|Any CPU
		{3C98771E-138F-4598-BBEA-FC66F861C798}.Release|Any CPU.ActiveCfg = Release|Any CPU
		{3C98771E-138F-4598-BBEA-FC66F861C798}.Release|Any CPU.Build.0 = Release|Any CPU
	EndGlobalSection
	GlobalSection(SolutionProperties) = preSolution
		HideSolutionNode = FALSE
	EndGlobalSection
	GlobalSection(ExtensibilityGlobals) = postSolution
		SolutionGuid = {520CF261-A66B-4361-A41B-2DABEA69ED7A}
	EndGlobalSection
EndGlobal
